
Microsoft Visual Studio Solution File, Format Version 12.00
# Visual Studio Version 17
VisualStudioVersion = 17.8.34330.188
MinimumVisualStudioVersion = 10.0.40219.1
Project("{9A19103F-16F7-4668-BE54-9A1E7A4F7556}") = "StrmLiteAssistant", "StrmLiteAssistant.csproj", "{93C86930-F9E1-4B01-B634-F79734EFA15C}"
EndProject
Global
	GlobalSection(SolutionConfigurationPlatforms) = preSolution
		Debug|Any CPU = Debug|Any CPU
		Release|Any CPU = Release|Any CPU
	EndGlobalSection
	GlobalSection(ProjectConfigurationPlatforms) = postSolution
		{93C86930-F9E1-4B01-B634-F79734EFA15C}.Debug|Any CPU.ActiveCfg = Debug|Any CPU
		{93C86930-F9E1-4B01-B634-F79734EFA15C}.Debug|Any CPU.Build.0 = Debug|Any CPU
		{93C86930-F9E1-4B01-B634-F79734EFA15C}.Release|Any CPU.ActiveCfg = Release|Any CPU
		{93C86930-F9E1-4B01-B634-F79734EFA15C}.Release|Any CPU.Build.0 = Release|Any CPU
	EndGlobalSection
	GlobalSection(SolutionProperties) = preSolution
		HideSolutionNode = FALSE
	EndGlobalSection
	GlobalSection(ExtensibilityGlobals) = postSolution
		SolutionGuid = {B21B91C2-6AA0-44B0-9DD0-700D48445883}
	EndGlobalSection
EndGlobal
